
Microsoft Visual Studio Solution File, Format Version 12.00
# Visual Studio 15
VisualStudioVersion = 15.0.28306.52
MinimumVisualStudioVersion = 10.0.40219.1
Project("{8BC9CEB8-8B4A-11D0-8D11-00A0C91BC942}") = "test3-2-B", "test3-2-B\test3-2-B.vcxproj", "{2DEE6D29-4E01-4EDA-B494-C67BDDFDB16F}"
EndProject
Global
	GlobalSection(SolutionConfigurationPlatforms) = preSolution
		Debug|x64 = Debug|x64
		Debug|x86 = Debug|x86
		Release|x64 = Release|x64
		Release|x86 = Release|x86
	EndGlobalSection
	GlobalSection(ProjectConfigurationPlatforms) = postSolution
		{2DEE6D29-4E01-4EDA-B494-C67BDDFDB16F}.Debug|x64.ActiveCfg = Debug|x64
		{2DEE6D29-4E01-4EDA-B494-C67BDDFDB16F}.Debug|x64.Build.0 = Debug|x64
		{2DEE6D29-4E01-4EDA-B494-C67BDDFDB16F}.Debug|x86.ActiveCfg = Debug|Win32
		{2DEE6D29-4E01-4EDA-B494-C67BDDFDB16F}.Debug|x86.Build.0 = Debug|Win32
		{2DEE6D29-4E01-4EDA-B494-C67BDDFDB16F}.Release|x64.ActiveCfg = Release|x64
		{2DEE6D29-4E01-4EDA-B494-C67BDDFDB16F}.Release|x64.Build.0 = Release|x64
		{2DEE6D29-4E01-4EDA-B494-C67BDDFDB16F}.Release|x86.ActiveCfg = Release|Win32
		{2DEE6D29-4E01-4EDA-B494-C67BDDFDB16F}.Release|x86.Build.0 = Release|Win32
	EndGlobalSection
	GlobalSection(SolutionProperties) = preSolution
		HideSolutionNode = FALSE
	EndGlobalSection
	GlobalSection(ExtensibilityGlobals) = postSolution
		SolutionGuid = {0568A762-AE54-44EF-A230-3268552170B7}
	EndGlobalSection
EndGlobal
