
Microsoft Visual Studio Solution File, Format Version 12.00
# Visual Studio 15
VisualStudioVersion = 15.0.27703.2035
MinimumVisualStudioVersion = 10.0.40219.1
Project("{8BC9CEB8-8B4A-11D0-8D11-00A0C91BC942}") = "day9", "day9\day9.vcxproj", "{DE8F9FB8-9F0E-4A41-8AB0-8B65FE39C46B}"
EndProject
Global
	GlobalSection(SolutionConfigurationPlatforms) = preSolution
		Debug|x64 = Debug|x64
		Debug|x86 = Debug|x86
		Release|x64 = Release|x64
		Release|x86 = Release|x86
	EndGlobalSection
	GlobalSection(ProjectConfigurationPlatforms) = postSolution
		{DE8F9FB8-9F0E-4A41-8AB0-8B65FE39C46B}.Debug|x64.ActiveCfg = Debug|x64
		{DE8F9FB8-9F0E-4A41-8AB0-8B65FE39C46B}.Debug|x64.Build.0 = Debug|x64
		{DE8F9FB8-9F0E-4A41-8AB0-8B65FE39C46B}.Debug|x86.ActiveCfg = Debug|Win32
		{DE8F9FB8-9F0E-4A41-8AB0-8B65FE39C46B}.Debug|x86.Build.0 = Debug|Win32
		{DE8F9FB8-9F0E-4A41-8AB0-8B65FE39C46B}.Release|x64.ActiveCfg = Release|x64
		{DE8F9FB8-9F0E-4A41-8AB0-8B65FE39C46B}.Release|x64.Build.0 = Release|x64
		{DE8F9FB8-9F0E-4A41-8AB0-8B65FE39C46B}.Release|x86.ActiveCfg = Release|Win32
		{DE8F9FB8-9F0E-4A41-8AB0-8B65FE39C46B}.Release|x86.Build.0 = Release|Win32
	EndGlobalSection
	GlobalSection(SolutionProperties) = preSolution
		HideSolutionNode = FALSE
	EndGlobalSection
	GlobalSection(ExtensibilityGlobals) = postSolution
		SolutionGuid = {06FC542F-D7B4-4373-833D-063D3CD5CF58}
	EndGlobalSection
EndGlobal
