
Microsoft Visual Studio Solution File, Format Version 12.00
# Visual Studio 15
VisualStudioVersion = 15.0.27703.2035
MinimumVisualStudioVersion = 10.0.40219.1
Project("{8BC9CEB8-8B4A-11D0-8D11-00A0C91BC942}") = "day3", "day3\day3.vcxproj", "{FA20FB7C-3B4D-4531-AFB8-22C2F7943937}"
EndProject
Global
	GlobalSection(SolutionConfigurationPlatforms) = preSolution
		Debug|x64 = Debug|x64
		Debug|x86 = Debug|x86
		Release|x64 = Release|x64
		Release|x86 = Release|x86
	EndGlobalSection
	GlobalSection(ProjectConfigurationPlatforms) = postSolution
		{FA20FB7C-3B4D-4531-AFB8-22C2F7943937}.Debug|x64.ActiveCfg = Debug|x64
		{FA20FB7C-3B4D-4531-AFB8-22C2F7943937}.Debug|x64.Build.0 = Debug|x64
		{FA20FB7C-3B4D-4531-AFB8-22C2F7943937}.Debug|x86.ActiveCfg = Debug|Win32
		{FA20FB7C-3B4D-4531-AFB8-22C2F7943937}.Debug|x86.Build.0 = Debug|Win32
		{FA20FB7C-3B4D-4531-AFB8-22C2F7943937}.Release|x64.ActiveCfg = Release|x64
		{FA20FB7C-3B4D-4531-AFB8-22C2F7943937}.Release|x64.Build.0 = Release|x64
		{FA20FB7C-3B4D-4531-AFB8-22C2F7943937}.Release|x86.ActiveCfg = Release|Win32
		{FA20FB7C-3B4D-4531-AFB8-22C2F7943937}.Release|x86.Build.0 = Release|Win32
	EndGlobalSection
	GlobalSection(SolutionProperties) = preSolution
		HideSolutionNode = FALSE
	EndGlobalSection
	GlobalSection(ExtensibilityGlobals) = postSolution
		SolutionGuid = {269C7DB1-B906-46BC-A6C4-5D60625948A4}
	EndGlobalSection
EndGlobal
